
Microsoft Visual Studio Solution File, Format Version 12.00
# Visual Studio Version 17
VisualStudioVersion = 17.1.32421.90
MinimumVisualStudioVersion = 10.0.40219.1
Project("{FAE04EC0-301F-11D3-BF4B-00C04F79EFBC}") = "Test15112023", "Test15112023.csproj", "{CA6A0F87-9C64-4A0D-A76A-51B57ECAA05B}"
EndProject
Global
	GlobalSection(SolutionConfigurationPlatforms) = preSolution
		Debug|Any CPU = Debug|Any CPU
		Release|Any CPU = Release|Any CPU
	EndGlobalSection
	GlobalSection(ProjectConfigurationPlatforms) = postSolution
		{CA6A0F87-9C64-4A0D-A76A-51B57ECAA05B}.Debug|Any CPU.ActiveCfg = Debug|Any CPU
		{CA6A0F87-9C64-4A0D-A76A-51B57ECAA05B}.Debug|Any CPU.Build.0 = Debug|Any CPU
		{CA6A0F87-9C64-4A0D-A76A-51B57ECAA05B}.Release|Any CPU.ActiveCfg = Release|Any CPU
		{CA6A0F87-9C64-4A0D-A76A-51B57ECAA05B}.Release|Any CPU.Build.0 = Release|Any CPU
	EndGlobalSection
	GlobalSection(SolutionProperties) = preSolution
		HideSolutionNode = FALSE
	EndGlobalSection
	GlobalSection(ExtensibilityGlobals) = postSolution
		SolutionGuid = {14928270-99E2-468C-8A70-13D4ECE16247}
	EndGlobalSection
EndGlobal
